{
    "_readme": [
        "This file locks the dependencies of your project to a known state",
        "Read more about it at https://getcomposer.org/doc/01-basic-usage.md#installing-dependencies",
        "This file is @generated automatically"
    ],
    "content-hash": "9a2697fd512164738dfcdae06c5a4aa2",
    "packages": [
        {
            "name": "elkuku/console-progressbar",
            "version": "1.0",
            "source": {
                "type": "git",
                "url": "https://github.com/elkuku/ConsoleProgressBar.git",
                "reference": "cd97a2556c0be25f37215a8937af834681b9b8fb"
            },
            "dist": {
                "type": "zip",
                "url": "https://api.github.com/repos/elkuku/ConsoleProgressBar/zipball/cd97a2556c0be25f37215a8937af834681b9b8fb",
                "reference": "cd97a2556c0be25f37215a8937af834681b9b8fb",
                "shasum": ""
            },
            "require": {
                "php": ">=5.3.0"
            },
            "type": "library",
            "autoload": {
                "psr-0": {
                    "Elkuku": "src/"
                }
            },
            "notification-url": "https://packagist.org/downloads/",
            "license": [
                "MIT"
            ],
            "authors": [
                {
                    "name": "Stefan Walk",
                    "email": "et@php.net"
                },
                {
                    "name": "Nikolai Plath",
                    "email": "der.elkuku@gmail.com",
                    "homepage": "https://github.com/elkuku"
                }
            ],
            "description": "This class provides you with an easy-to-use interface to progress bars.",
            "keywords": [
                "console"
            ],
            "support": {
                "issues": "https://github.com/elkuku/ConsoleProgressBar/issues",
                "source": "https://github.com/elkuku/ConsoleProgressBar/tree/master"
            },
            "time": "2013-04-22T19:52:37+00:00"
        },
        {
            "name": "patchwork/utf8",
            "version": "v1.3.3",
            "source": {
                "type": "git",
                "url": "https://github.com/tchwork/utf8.git",
                "reference": "e1fa4d4a57896d074c9a8d01742b688d5db4e9d5"
            },
            "dist": {
                "type": "zip",
                "url": "https://api.github.com/repos/tchwork/utf8/zipball/e1fa4d4a57896d074c9a8d01742b688d5db4e9d5",
                "reference": "e1fa4d4a57896d074c9a8d01742b688d5db4e9d5",
                "shasum": ""
            },
            "require": {
                "lib-pcre": ">=7.3",
                "php": ">=5.3.0"
            },
            "require-dev": {
                "symfony/phpunit-bridge": "^3.4|^4.4"
            },
            "suggest": {
                "ext-iconv": "Use iconv for best performance",
                "ext-intl": "Use Intl for best performance",
                "ext-mbstring": "Use Mbstring for best performance",
                "ext-wfio": "Use WFIO for UTF-8 filesystem access on Windows"
            },
            "type": "library",
            "extra": {
                "branch-alias": {
                    "dev-master": "1.3-dev"
                }
            },
            "autoload": {
                "psr-4": {
                    "Patchwork\\": "src/Patchwork/"
                },
                "classmap": [
                    "src/Normalizer.php"
                ]
            },
            "notification-url": "https://packagist.org/downloads/",
            "license": [
                "(Apache-2.0 or GPL-2.0)"
            ],
            "authors": [
                {
                    "name": "Nicolas Grekas",
                    "email": "p@tchwork.com"
                }
            ],
            "description": "Portable and performant UTF-8, Unicode and Grapheme Clusters for PHP",
            "homepage": "https://github.com/tchwork/utf8",
            "keywords": [
                "grapheme",
                "i18n",
                "unicode",
                "utf-8",
                "utf8"
            ],
            "support": {
                "issues": "https://github.com/tchwork/utf8/issues",
                "source": "https://github.com/tchwork/utf8/tree/v1.3.3"
            },
            "funding": [
                {
                    "url": "https://github.com/nicolas-grekas",
                    "type": "github"
                },
                {
                    "url": "https://tidelift.com/funding/github/packagist/patchwork/utf8",
                    "type": "tidelift"
                }
            ],
            "abandoned": "symfony/polyfill-mbstring or symfony/string",
            "time": "2021-01-07T16:38:58+00:00"
        },
        {
            "name": "tinymce/tinymce",
            "version": "4.5.12",
            "source": {
                "type": "git",
                "url": "https://github.com/tinymce/tinymce-dist.git",
                "reference": "3d007282ded510e32c638b2ed5a9ffe1f219d329"
            },
            "dist": {
                "type": "zip",
                "url": "https://api.github.com/repos/tinymce/tinymce-dist/zipball/3d007282ded510e32c638b2ed5a9ffe1f219d329",
                "reference": "3d007282ded510e32c638b2ed5a9ffe1f219d329",
                "shasum": ""
            },
            "type": "component",
            "extra": {
                "component": {
                    "scripts": [
                        "tinymce.js",
                        "plugins/*/plugin.js",
                        "themes/*/theme.js"
                    ],
                    "files": [
                        "tinymce.min.js",
                        "plugins/*/plugin.min.js",
                        "themes/*/theme.min.js",
                        "skins/**"
                    ]
                }
            },
            "notification-url": "https://packagist.org/downloads/",
            "license": [
                "LGPL-2.1"
            ],
            "description": "Web based JavaScript HTML WYSIWYG editor control.",
            "homepage": "http://www.tinymce.com",
            "keywords": [
                "editor",
                "html",
                "javascript",
                "richtext",
                "tinymce",
                "wysiwyg"
            ],
            "support": {
                "source": "https://github.com/tinymce/tinymce-dist/tree/4.5.12"
            },
            "time": "2020-07-14T01:53:37+00:00"
        },
        {
            "name": "wascripts/wamailer",
            "version": "dev-master",
            "source": {
                "type": "git",
                "url": "https://github.com/wascripts/wamailer.git",
                "reference": "91e444569f36a6c757d9910ec3f5b2326f01cc49"
            },
            "dist": {
                "type": "zip",
                "url": "https://api.github.com/repos/wascripts/wamailer/zipball/91e444569f36a6c757d9910ec3f5b2326f01cc49",
                "reference": "91e444569f36a6c757d9910ec3f5b2326f01cc49",
                "shasum": ""
            },
            "require": {
                "php": ">=5.4.0"
            },
            "default-branch": true,
            "type": "library",
            "extra": {
                "branch-alias": {
                    "dev-master": "4.0.x-dev"
                }
            },
            "autoload": {
                "psr-4": {
                    "Wamailer\\": "lib/"
                }
            },
            "license": [
                "LGPL-2.1+"
            ],
            "authors": [
                {
                    "name": "Aurélien Maille",
                    "email": "wascripts@phpcodeur.net",
                    "role": "lead developer"
                }
            ],
            "description": "Classe d'envoi d'emails",
            "homepage": "http://phpcodeur.net/wascripts/wamailer/",
            "keywords": [
                "email",
                "library",
                "mailing",
                "smtp"
            ],
            "support": {
                "source": "https://github.com/wascripts/wamailer/tree/master",
                "issues": "https://github.com/wascripts/wamailer/issues"
            },
            "time": "2016-06-07T11:56:15+00:00"
        }
    ],
    "packages-dev": [],
    "aliases": [],
    "minimum-stability": "stable",
    "stability-flags": {
        "wascripts/wamailer": 20
    },
    "prefer-stable": false,
    "prefer-lowest": false,
    "platform": {
        "php": ">=5.4.4"
    },
    "platform-dev": [],
    "plugin-api-version": "2.0.0"
}
